
Microsoft Visual Studio Solution File, Format Version 12.00
# Visual Studio Version 17
VisualStudioVersion = 17.11.35208.52
MinimumVisualStudioVersion = 10.0.40219.1
Project("{8BC9CEB8-8B4A-11D0-8D11-00A0C91BC942}") = "Navier_Stokes_eq_FEM_solution", "Navier_Stokes_eq_FEM_solution\Navier_Stokes_eq_FEM_solution.vcxproj", "{6C36CD55-670E-4195-AE61-C42BE302FAE9}"
EndProject
Project("{8BC9CEB8-8B4A-11D0-8D11-00A0C91BC942}") = "Mesh_generate", "Mesh_generate\Mesh_generate.vcxproj", "{A585682D-0111-46C1-ABF8-7EBDD1F6908C}"
EndProject
Project("{8BC9CEB8-8B4A-11D0-8D11-00A0C91BC942}") = "Calculation", "Calculation\Calculation.vcxproj", "{DA2DD2E9-EE40-4778-BE75-34E9D3B7AFCE}"
EndProject
Global
	GlobalSection(SolutionConfigurationPlatforms) = preSolution
		Debug|x64 = Debug|x64
		Debug|x86 = Debug|x86
		Release|x64 = Release|x64
		Release|x86 = Release|x86
	EndGlobalSection
	GlobalSection(ProjectConfigurationPlatforms) = postSolution
		{6C36CD55-670E-4195-AE61-C42BE302FAE9}.Debug|x64.ActiveCfg = Debug|x64
		{6C36CD55-670E-4195-AE61-C42BE302FAE9}.Debug|x64.Build.0 = Debug|x64
		{6C36CD55-670E-4195-AE61-C42BE302FAE9}.Debug|x86.ActiveCfg = Debug|Win32
		{6C36CD55-670E-4195-AE61-C42BE302FAE9}.Debug|x86.Build.0 = Debug|Win32
		{6C36CD55-670E-4195-AE61-C42BE302FAE9}.Release|x64.ActiveCfg = Release|x64
		{6C36CD55-670E-4195-AE61-C42BE302FAE9}.Release|x64.Build.0 = Release|x64
		{6C36CD55-670E-4195-AE61-C42BE302FAE9}.Release|x86.ActiveCfg = Release|Win32
		{6C36CD55-670E-4195-AE61-C42BE302FAE9}.Release|x86.Build.0 = Release|Win32
		{A585682D-0111-46C1-ABF8-7EBDD1F6908C}.Debug|x64.ActiveCfg = Debug|x64
		{A585682D-0111-46C1-ABF8-7EBDD1F6908C}.Debug|x64.Build.0 = Debug|x64
		{A585682D-0111-46C1-ABF8-7EBDD1F6908C}.Debug|x86.ActiveCfg = Debug|Win32
		{A585682D-0111-46C1-ABF8-7EBDD1F6908C}.Debug|x86.Build.0 = Debug|Win32
		{A585682D-0111-46C1-ABF8-7EBDD1F6908C}.Release|x64.ActiveCfg = Release|x64
		{A585682D-0111-46C1-ABF8-7EBDD1F6908C}.Release|x64.Build.0 = Release|x64
		{A585682D-0111-46C1-ABF8-7EBDD1F6908C}.Release|x86.ActiveCfg = Release|Win32
		{A585682D-0111-46C1-ABF8-7EBDD1F6908C}.Release|x86.Build.0 = Release|Win32
		{DA2DD2E9-EE40-4778-BE75-34E9D3B7AFCE}.Debug|x64.ActiveCfg = Debug|x64
		{DA2DD2E9-EE40-4778-BE75-34E9D3B7AFCE}.Debug|x64.Build.0 = Debug|x64
		{DA2DD2E9-EE40-4778-BE75-34E9D3B7AFCE}.Debug|x86.ActiveCfg = Debug|Win32
		{DA2DD2E9-EE40-4778-BE75-34E9D3B7AFCE}.Debug|x86.Build.0 = Debug|Win32
		{DA2DD2E9-EE40-4778-BE75-34E9D3B7AFCE}.Release|x64.ActiveCfg = Release|x64
		{DA2DD2E9-EE40-4778-BE75-34E9D3B7AFCE}.Release|x64.Build.0 = Release|x64
		{DA2DD2E9-EE40-4778-BE75-34E9D3B7AFCE}.Release|x86.ActiveCfg = Release|Win32
		{DA2DD2E9-EE40-4778-BE75-34E9D3B7AFCE}.Release|x86.Build.0 = Release|Win32
	EndGlobalSection
	GlobalSection(SolutionProperties) = preSolution
		HideSolutionNode = FALSE
	EndGlobalSection
	GlobalSection(ExtensibilityGlobals) = postSolution
		SolutionGuid = {E9EC01C1-7178-4E86-92C2-16D7773D8420}
	EndGlobalSection
EndGlobal
